<?xml version="1.0" encoding="utf-8"?>
<Project ToolsVersion="4.0" xmlns="http://schemas.microsoft.com/developer/msbuild/2003">
  <ItemGroup>
    <Filter Include="Engine">
      <UniqueIdentifier>{2c79a4b3-20f7-469c-99b9-a889a92dfdfe}</UniqueIdentifier>
    </Filter>
    <Filter Include="Engine\リソース ファイル">
      <UniqueIdentifier>{67DA6AB6-F800-4c08-8B7A-83BB121AAD01}</UniqueIdentifier>
      <Extensions>rc;ico;cur;bmp;dlg;rc2;rct;bin;rgs;gif;jpg;jpeg;jpe;resx;tiff;tif;png;wav;mfcribbon-ms</Extensions>
    </Filter>
    <Filter Include="Engine\リソース ファイル\シェーダー">
      <UniqueIdentifier>{54cb9eac-94ca-46ba-84d8-83fefcf65b4e}</UniqueIdentifier>
    </Filter>
    <Filter Include="Engine\リソース ファイル\シェーダー\2D">
      <UniqueIdentifier>{c73a9d4e-de32-43e6-a9e8-0aa45be41f10}</UniqueIdentifier>
    </Filter>
    <Filter Include="Engine\リソース ファイル\シェーダー\3D">
      <UniqueIdentifier>{d7d00ee9-bede-41ea-b541-d43029ae0a66}</UniqueIdentifier>
    </Filter>
    <Filter Include="Engine\リソース ファイル\シェーダー\3D\Model">
      <UniqueIdentifier>{524d3808-7ffb-46ce-ba56-90713737f9e6}</UniqueIdentifier>
    </Filter>
    <Filter Include="Engine\ヘッダー ファイル">
      <UniqueIdentifier>{93995380-89BD-4b04-88EB-625FBE52EBFB}</UniqueIdentifier>
      <Extensions>h;hh;hpp;hxx;h++;hm;inl;inc;ipp;xsd</Extensions>
    </Filter>
    <Filter Include="Engine\ヘッダー ファイル\2D">
      <UniqueIdentifier>{fc85b294-cd8c-4349-9653-36f4de4c17a7}</UniqueIdentifier>
    </Filter>
    <Filter Include="Engine\ヘッダー ファイル\2D\Particle">
      <UniqueIdentifier>{539da8f0-39d8-40e5-871b-78f9b153d96b}</UniqueIdentifier>
    </Filter>
    <Filter Include="Engine\ヘッダー ファイル\2D\Sprite">
      <UniqueIdentifier>{d0ff1dd5-bb9d-4d5b-8e37-96a85f846d4e}</UniqueIdentifier>
    </Filter>
    <Filter Include="Engine\ヘッダー ファイル\3D">
      <UniqueIdentifier>{cd8271bf-a4a3-4345-9bd8-4f329e1c01d9}</UniqueIdentifier>
    </Filter>
    <Filter Include="Engine\ヘッダー ファイル\3D\Model">
      <UniqueIdentifier>{34f46ae7-d563-470d-ac40-0bbdf53492ba}</UniqueIdentifier>
    </Filter>
    <Filter Include="Engine\ヘッダー ファイル\Camera">
      <UniqueIdentifier>{191d4a36-453e-47f2-bbd9-301ea4d78c1e}</UniqueIdentifier>
    </Filter>
    <Filter Include="Engine\ヘッダー ファイル\Collision">
      <UniqueIdentifier>{b6d05cf8-adeb-447a-b1a6-1288e2423677}</UniqueIdentifier>
    </Filter>
    <Filter Include="Engine\ヘッダー ファイル\Core">
      <UniqueIdentifier>{3317107d-3264-46db-9636-2fc085e0526c}</UniqueIdentifier>
    </Filter>
    <Filter Include="Engine\ヘッダー ファイル\Input">
      <UniqueIdentifier>{be7d1b4e-e13e-4770-9a66-2546c7dd7f5e}</UniqueIdentifier>
    </Filter>
    <Filter Include="Engine\ヘッダー ファイル\Light">
      <UniqueIdentifier>{b68b129b-cdd0-40e7-b83c-734eaed6d4e2}</UniqueIdentifier>
    </Filter>
    <Filter Include="Engine\ヘッダー ファイル\Math">
      <UniqueIdentifier>{ecd1e702-3f77-48ff-9200-1a425d9c6331}</UniqueIdentifier>
    </Filter>
    <Filter Include="Engine\ソース ファイル">
      <UniqueIdentifier>{4FC737F1-C7A5-4376-A066-2A32D752A2FF}</UniqueIdentifier>
      <Extensions>cpp;c;cc;cxx;c++;cppm;ixx;def;odl;idl;hpj;bat;asm;asmx</Extensions>
    </Filter>
    <Filter Include="Engine\ソース ファイル\2D">
      <UniqueIdentifier>{672696c3-44a5-4567-8012-5c9e822e6d8c}</UniqueIdentifier>
    </Filter>
    <Filter Include="Engine\ソース ファイル\2D\Sprite">
      <UniqueIdentifier>{90d70637-2ff7-4170-b02e-95ef5224e665}</UniqueIdentifier>
    </Filter>
    <Filter Include="Engine\ソース ファイル\2D\Particle">
      <UniqueIdentifier>{5e4fe5f4-e3b5-4283-903b-246d931620c5}</UniqueIdentifier>
    </Filter>
    <Filter Include="Engine\ソース ファイル\3D">
      <UniqueIdentifier>{d9031e2d-06e5-494b-af79-ca90cbff5a32}</UniqueIdentifier>
    </Filter>
    <Filter Include="Engine\ソース ファイル\3D\Model">
      <UniqueIdentifier>{18770c81-ac41-4d19-b50b-e66212aabc4c}</UniqueIdentifier>
    </Filter>
    <Filter Include="Engine\ソース ファイル\Camera">
      <UniqueIdentifier>{b784beb3-ec15-4ace-a6dd-91c611659c99}</UniqueIdentifier>
    </Filter>
    <Filter Include="Engine\ソース ファイル\Collision">
      <UniqueIdentifier>{6caaf8d3-528c-4762-abbb-6e34bf59ebe1}</UniqueIdentifier>
    </Filter>
    <Filter Include="Engine\ソース ファイル\Core">
      <UniqueIdentifier>{3a78b521-049e-4756-909f-c9fb87432009}</UniqueIdentifier>
    </Filter>
    <Filter Include="Engine\ソース ファイル\Input">
      <UniqueIdentifier>{0555bf3d-4358-4f8d-8a7b-d1d1ddd1f9c0}</UniqueIdentifier>
    </Filter>
    <Filter Include="Engine\ソース ファイル\Light">
      <UniqueIdentifier>{209fad85-2044-4779-95ee-258b1314a073}</UniqueIdentifier>
    </Filter>
    <Filter Include="Engine\ソース ファイル\Math">
      <UniqueIdentifier>{31294933-bca1-4668-b191-30164c263409}</UniqueIdentifier>
    </Filter>
    <Filter Include="User">
      <UniqueIdentifier>{0ab644df-c7d4-4442-90e6-86dee0174c54}</UniqueIdentifier>
    </Filter>
    <Filter Include="User\ソースファイル">
      <UniqueIdentifier>{7f53a9f8-4057-4840-b748-1bb540c9330d}</UniqueIdentifier>
    </Filter>
    <Filter Include="User\ヘッダーファイル">
      <UniqueIdentifier>{d5033894-ed03-4998-bbb1-091f87c798a3}</UniqueIdentifier>
    </Filter>
    <Filter Include="Engine\ソース ファイル\Math\float">
      <UniqueIdentifier>{48606dc5-40a2-46a7-9725-731cb400b682}</UniqueIdentifier>
    </Filter>
    <Filter Include="Engine\ソース ファイル\Math\double">
      <UniqueIdentifier>{94d43dc4-3f3c-4905-9448-5a6468e81c9c}</UniqueIdentifier>
    </Filter>
    <Filter Include="Engine\ヘッダー ファイル\Math\float">
      <UniqueIdentifier>{a424b951-7d84-4cac-bc0a-55afd0fc40c8}</UniqueIdentifier>
    </Filter>
    <Filter Include="Engine\ヘッダー ファイル\Math\double">
      <UniqueIdentifier>{df325f11-01ec-4a7f-8864-ba81274a3ed8}</UniqueIdentifier>
    </Filter>
    <Filter Include="Engine\ソース ファイル\Audio">
      <UniqueIdentifier>{c64ffc37-fa6b-46de-bd5a-e77e718c55f6}</UniqueIdentifier>
    </Filter>
    <Filter Include="Engine\ヘッダー ファイル\Audio">
      <UniqueIdentifier>{603c0c88-0c93-4383-9734-60f88c4a0fa7}</UniqueIdentifier>
    </Filter>
    <Filter Include="Engine\ソース ファイル\Util">
      <UniqueIdentifier>{72ee2f8a-4c7b-4efa-b30c-b9543bd282b8}</UniqueIdentifier>
    </Filter>
    <Filter Include="Engine\ヘッダー ファイル\Util">
      <UniqueIdentifier>{f60025ab-bf0a-4ff7-82f9-ecb2bbc3c472}</UniqueIdentifier>
    </Filter>
    <Filter Include="Engine\ソース ファイル\2D\PostEffect">
      <UniqueIdentifier>{ab02ee17-3b97-4eea-b11d-d29cc91cca98}</UniqueIdentifier>
    </Filter>
    <Filter Include="Engine\ヘッダー ファイル\2D\PostEffect">
      <UniqueIdentifier>{99e8a62d-826d-48b1-938b-86903c6411d9}</UniqueIdentifier>
    </Filter>
    <Filter Include="User\ヘッダーファイル\Scene">
      <UniqueIdentifier>{92f642e2-f9e5-42ee-aa4d-18d4bd730c6b}</UniqueIdentifier>
    </Filter>
    <Filter Include="User\ソースファイル\Scene">
      <UniqueIdentifier>{1cc486b3-54e0-458b-9c29-9570df86d589}</UniqueIdentifier>
    </Filter>
    <Filter Include="Engine\リソース ファイル\シェーダー\2D\PostEffect">
      <UniqueIdentifier>{95bbfc9c-88b5-481e-9bc3-c9b203d347ec}</UniqueIdentifier>
    </Filter>
    <Filter Include="User\ソースファイル\Stage">
      <UniqueIdentifier>{e688041f-82ec-4338-b3fd-5caa6ce1635d}</UniqueIdentifier>
    </Filter>
    <Filter Include="User\ソースファイル\Stage\Fold">
      <UniqueIdentifier>{28644f37-30a4-4d05-862b-0115cbc9d9d6}</UniqueIdentifier>
    </Filter>
    <Filter Include="User\ヘッダーファイル\Stage">
      <UniqueIdentifier>{bac5ff33-6f0c-4d69-bd1d-e589b83592cd}</UniqueIdentifier>
    </Filter>
    <Filter Include="User\ヘッダーファイル\Stage\Fold">
      <UniqueIdentifier>{787f9b2c-a225-4c86-9d07-d896c519fa6f}</UniqueIdentifier>
    </Filter>
    <Filter Include="Engine\ソース ファイル\Core\DirectX">
      <UniqueIdentifier>{ece1eb6e-0f77-4364-b554-d2c8f7da3f2a}</UniqueIdentifier>
    </Filter>
    <Filter Include="Engine\ソース ファイル\Core\Buffer">
      <UniqueIdentifier>{1f33ea8a-869a-424e-903b-242ac01fe65a}</UniqueIdentifier>
    </Filter>
    <Filter Include="Engine\ソース ファイル\Core\Framework">
      <UniqueIdentifier>{8b9d55a0-a011-4f03-ab3b-f510ea55d9c5}</UniqueIdentifier>
    </Filter>
    <Filter Include="Engine\ソース ファイル\Scene">
      <UniqueIdentifier>{3e05d7bb-88d6-435f-9366-06729f55dbeb}</UniqueIdentifier>
    </Filter>
    <Filter Include="Engine\ヘッダー ファイル\Core\DirectX">
      <UniqueIdentifier>{a27bcbb8-d6e1-4cb6-9f22-4263858c3b90}</UniqueIdentifier>
    </Filter>
    <Filter Include="Engine\ヘッダー ファイル\Core\Buffer">
      <UniqueIdentifier>{82577783-be13-4c9b-b966-9678b28362e5}</UniqueIdentifier>
    </Filter>
    <Filter Include="Engine\ヘッダー ファイル\Scene">
      <UniqueIdentifier>{807c31c1-138b-440b-b5af-924619e3cfe3}</UniqueIdentifier>
    </Filter>
    <Filter Include="Engine\ヘッダー ファイル\Core\Framework">
      <UniqueIdentifier>{2896c3ee-894b-4fd0-ab16-73a638092e66}</UniqueIdentifier>
    </Filter>
    <Filter Include="User\ソースファイル\Player">
      <UniqueIdentifier>{820212e9-195a-41b4-b6ec-ba5c8879e1a3}</UniqueIdentifier>
    </Filter>
    <Filter Include="User\ヘッダーファイル\Player">
      <UniqueIdentifier>{7b434cc0-2c0c-4fdc-b1e9-8fdf6e115367}</UniqueIdentifier>
    </Filter>
  </ItemGroup>
  <ItemGroup>
    <ClInclude Include="resource.h">
      <Filter>Engine\リソース ファイル</Filter>
    </ClInclude>
    <ClInclude Include="lib\Engine\Core\DirectX\Shader.h">
      <Filter>Engine\ヘッダー ファイル\Core</Filter>
    </ClInclude>
    <ClInclude Include="lib\Engine\Core\WindowsApp.h">
      <Filter>Engine\ヘッダー ファイル\Core</Filter>
    </ClInclude>
    <ClInclude Include="lib\Engine\Util\AliceFunctionUtility.h">
      <Filter>Engine\ヘッダー ファイル\Util</Filter>
    </ClInclude>
    <ClInclude Include="lib\Engine\Core\FPS.h">
      <Filter>Engine\ヘッダー ファイル\Core</Filter>
    </ClInclude>
    <ClInclude Include="lib\Engine\Core\TextureManager.h">
      <Filter>Engine\ヘッダー ファイル\Core</Filter>
    </ClInclude>
    <ClInclude Include="lib\Engine\Util\AliceUtility.h">
      <Filter>Engine\ヘッダー ファイル\Util</Filter>
    </ClInclude>
    <ClInclude Include="lib\Engine\Math\float\Vector3.h">
      <Filter>Engine\ヘッダー ファイル\Math\float</Filter>
    </ClInclude>
    <ClInclude Include="lib\Engine\Math\float\Vector4.h">
      <Filter>Engine\ヘッダー ファイル\Math\float</Filter>
    </ClInclude>
    <ClInclude Include="lib\Engine\Math\float\Vector.h">
      <Filter>Engine\ヘッダー ファイル\Math\float</Filter>
    </ClInclude>
    <ClInclude Include="lib\Engine\Math\float\Vector2.h">
      <Filter>Engine\ヘッダー ファイル\Math\float</Filter>
    </ClInclude>
    <ClInclude Include="lib\Engine\Math\float\Quaternion.h">
      <Filter>Engine\ヘッダー ファイル\Math\float</Filter>
    </ClInclude>
    <ClInclude Include="lib\Engine\Math\float\Matrix4.h">
      <Filter>Engine\ヘッダー ファイル\Math\float</Filter>
    </ClInclude>
    <ClInclude Include="lib\Engine\Math\float\AliceMathF.h">
      <Filter>Engine\ヘッダー ファイル\Math\float</Filter>
    </ClInclude>
    <ClInclude Include="lib\Engine\Math\double\AliceMath.h">
      <Filter>Engine\ヘッダー ファイル\Math\double</Filter>
    </ClInclude>
    <ClInclude Include="lib\Engine\Math\AliceMathUtility.h">
      <Filter>Engine\ヘッダー ファイル\Math</Filter>
    </ClInclude>
    <ClInclude Include="lib\Engine\Core\Material.h">
      <Filter>Engine\ヘッダー ファイル\Core</Filter>
    </ClInclude>
    <ClInclude Include="lib\Engine\Core\DefaultMaterial.h">
      <Filter>Engine\ヘッダー ファイル\Core</Filter>
    </ClInclude>
    <ClInclude Include="lib\Engine\2D\Sprite\Sprite2D.h">
      <Filter>Engine\ヘッダー ファイル\2D\Sprite</Filter>
    </ClInclude>
    <ClInclude Include="lib\Engine\2D\Sprite\Sprite3D.h">
      <Filter>Engine\ヘッダー ファイル\2D\Sprite</Filter>
    </ClInclude>
    <ClInclude Include="lib\Engine\2D\Sprite\Sprite.h">
      <Filter>Engine\ヘッダー ファイル\2D\Sprite</Filter>
    </ClInclude>
    <ClInclude Include="lib\Engine\3D\Transform.h">
      <Filter>Engine\ヘッダー ファイル\3D</Filter>
    </ClInclude>
    <ClInclude Include="lib\Engine\Camera\Camera.h">
      <Filter>Engine\ヘッダー ファイル\Camera</Filter>
    </ClInclude>
    <ClInclude Include="lib\Engine\Input\Mouse.h">
      <Filter>Engine\ヘッダー ファイル\Input</Filter>
    </ClInclude>
    <ClInclude Include="lib\Engine\Input\Keyboard.h">
      <Filter>Engine\ヘッダー ファイル\Input</Filter>
    </ClInclude>
    <ClInclude Include="lib\Engine\Input\Input.h">
      <Filter>Engine\ヘッダー ファイル\Input</Filter>
    </ClInclude>
    <ClInclude Include="lib\Engine\Input\Controller.h">
      <Filter>Engine\ヘッダー ファイル\Input</Filter>
    </ClInclude>
    <ClInclude Include="lib\Engine\Audio\AudioManager.h">
      <Filter>Engine\ヘッダー ファイル\Audio</Filter>
    </ClInclude>
    <ClInclude Include="lib\Engine\Collision\Collision.h">
      <Filter>Engine\ヘッダー ファイル\Collision</Filter>
    </ClInclude>
    <ClInclude Include="lib\Engine\Collision\CollisionPrimitive.h">
      <Filter>Engine\ヘッダー ファイル\Collision</Filter>
    </ClInclude>
    <ClInclude Include="lib\Engine\2D\Particle\BasicParticle.h">
      <Filter>Engine\ヘッダー ファイル\2D\Particle</Filter>
    </ClInclude>
    <ClInclude Include="lib\Engine\2D\Particle\Particle.h">
      <Filter>Engine\ヘッダー ファイル\2D\Particle</Filter>
    </ClInclude>
    <ClInclude Include="lib\Engine\2D\Mesh.h">
      <Filter>Engine\ヘッダー ファイル\2D</Filter>
    </ClInclude>
    <ClInclude Include="lib\Engine\Light\Light.h">
      <Filter>Engine\ヘッダー ファイル\Light</Filter>
    </ClInclude>
    <ClInclude Include="lib\Engine\3D\Model\Model.h">
      <Filter>Engine\ヘッダー ファイル\3D\Model</Filter>
    </ClInclude>
    <ClInclude Include="lib\Engine\3D\Model\objModel.h">
      <Filter>Engine\ヘッダー ファイル\3D\Model</Filter>
    </ClInclude>
    <ClInclude Include="lib\Engine\3D\Model\PrimitiveModel.h">
      <Filter>Engine\ヘッダー ファイル\3D\Model</Filter>
    </ClInclude>
    <ClInclude Include="lib\Engine\3D\Model\ModelMesh.h">
      <Filter>Engine\ヘッダー ファイル\3D\Model</Filter>
    </ClInclude>
    <ClInclude Include="lib\Engine\3D\Model\fbxModel.h">
      <Filter>Engine\ヘッダー ファイル\3D\Model</Filter>
    </ClInclude>
    <ClInclude Include="lib\Engine\3D\Model\FbxLoader.h">
      <Filter>Engine\ヘッダー ファイル\3D\Model</Filter>
    </ClInclude>
    <ClInclude Include="lib\Engine\3D\Model\fbxAnimation.h">
      <Filter>Engine\ヘッダー ファイル\3D\Model</Filter>
    </ClInclude>
    <ClInclude Include="lib\Engine\2D\Cursor.h">
      <Filter>Engine\ヘッダー ファイル\2D</Filter>
    </ClInclude>
    <ClInclude Include="lib\Engine\2D\Button.h">
      <Filter>Engine\ヘッダー ファイル\2D</Filter>
    </ClInclude>
    <ClInclude Include="lib\Engine\2D\Particle\RainParticle.h">
      <Filter>Engine\ヘッダー ファイル\2D\Particle</Filter>
    </ClInclude>
    <ClInclude Include="lib\Engine\2D\Particle\ParticleEmitter.h">
      <Filter>Engine\ヘッダー ファイル\2D\Particle</Filter>
    </ClInclude>
    <ClInclude Include="lib\Engine\3D\3DMesh.h">
      <Filter>Engine\ヘッダー ファイル\3D</Filter>
    </ClInclude>
    <ClInclude Include="Users\Camera\UserCamera.h">
      <Filter>User\ヘッダーファイル</Filter>
    </ClInclude>
    <ClInclude Include="lib\Engine\Math\float\Matrix.h">
      <Filter>Engine\ヘッダー ファイル\Math</Filter>
    </ClInclude>
    <ClInclude Include="lib\Engine\Math\float\Matrix3.h">
      <Filter>Engine\ヘッダー ファイル\Math\float</Filter>
    </ClInclude>
    <ClInclude Include="lib\Engine\Camera\CinemaCamera.h">
      <Filter>Engine\ヘッダー ファイル\Camera</Filter>
    </ClInclude>
    <ClInclude Include="lib\Engine\2D\PostEffect\PostEffectManager.h">
      <Filter>Engine\ヘッダー ファイル\2D\PostEffect</Filter>
    </ClInclude>
    <ClInclude Include="lib\Engine\Camera\CinemaCamera.h">
      <Filter>Engine\ヘッダー ファイル\Camera</Filter>
    </ClInclude>
    <ClInclude Include="lib\Engine\2D\PostEffect\PostEffectManager.h">
      <Filter>Engine\ソース ファイル\2D\PostEffect</Filter>
    </ClInclude>
    <ClInclude Include="lib\Engine\Collision\SphereCollider.h">
      <Filter>Engine\ヘッダー ファイル\Collision</Filter>
    </ClInclude>
    <ClInclude Include="lib\Engine\Collision\QueryCallback.h">
      <Filter>Engine\ヘッダー ファイル\Collision</Filter>
    </ClInclude>
    <ClInclude Include="lib\Engine\Collision\RaycastHit.h">
      <Filter>Engine\ヘッダー ファイル\Collision</Filter>
    </ClInclude>
    <ClInclude Include="lib\Engine\Collision\MeshCollider.h">
      <Filter>Engine\ヘッダー ファイル\Collision</Filter>
    </ClInclude>
    <ClInclude Include="lib\Engine\Collision\CollisionTypes.h">
      <Filter>Engine\ヘッダー ファイル\Collision</Filter>
    </ClInclude>
    <ClInclude Include="lib\Engine\Collision\CollisionManager.h">
      <Filter>Engine\ヘッダー ファイル\Collision</Filter>
    </ClInclude>
    <ClInclude Include="lib\Engine\Collision\CollisionInfo.h">
      <Filter>Engine\ヘッダー ファイル\Collision</Filter>
    </ClInclude>
    <ClInclude Include="lib\Engine\Collision\CollisionAttribute.h">
      <Filter>Engine\ヘッダー ファイル\Collision</Filter>
    </ClInclude>
    <ClInclude Include="lib\Engine\Collision\BaseCollider.h">
      <Filter>Engine\ヘッダー ファイル\Collision</Filter>
    </ClInclude>
    <ClInclude Include="lib\Engine\Collision\TouchableObject.h">
      <Filter>Engine\ヘッダー ファイル\Collision</Filter>
    </ClInclude>
    <ClInclude Include="Users\Scene\GameScene.h">
      <Filter>User\ヘッダーファイル\Scene</Filter>
    </ClInclude>
    <ClInclude Include="Users\Scene\TitleScene.h">
      <Filter>User\ヘッダーファイル\Scene</Filter>
    </ClInclude>
    <ClInclude Include="Users\Scene\SceneFactrory.h">
      <Filter>User\ヘッダーファイル\Scene</Filter>
    </ClInclude>
    <ClInclude Include="lib\Engine\Core\ImGuiManager.h">
      <Filter>Engine\ヘッダー ファイル\Core</Filter>
    </ClInclude>
    <ClInclude Include="Users\GameMain.h">
      <Filter>User\ヘッダーファイル</Filter>
    </ClInclude>
    <ClInclude Include="Users\Stage\Ground.h">
      <Filter>User\ヘッダーファイル</Filter>
    </ClInclude>
    <ClInclude Include="lib\Engine\2D\PostEffect\AbstractPostEffectFactory.h">
      <Filter>Engine\ヘッダー ファイル\2D\PostEffect</Filter>
    </ClInclude>
    <ClInclude Include="Users\PostEffectFactory.h">
      <Filter>Engine\ヘッダー ファイル\2D\PostEffect</Filter>
    </ClInclude>
    <ClInclude Include="lib\Engine\2D\PostEffect\BasePostEffect.h">
      <Filter>Engine\ヘッダー ファイル\2D\PostEffect</Filter>
    </ClInclude>
    <ClInclude Include="lib\Engine\2D\PostEffect\LutPostEffect.h">
      <Filter>Engine\ヘッダー ファイル\2D\PostEffect</Filter>
    </ClInclude>
    <ClInclude Include="lib\Engine\2D\PostEffect\VignettePostEffect.h">
      <Filter>Engine\ヘッダー ファイル\2D\PostEffect</Filter>
    </ClInclude>
    <ClInclude Include="Users\Stage\Fold\SurfaceFold.h">
      <Filter>User\ヘッダーファイル\Stage\Fold</Filter>
    </ClInclude>
    <ClInclude Include="Users\Stage\Fold\SurfaceFoldBottom2.h">
      <Filter>User\ヘッダーファイル\Stage\Fold</Filter>
    </ClInclude>
    <ClInclude Include="Users\Stage\Fold\SurfaceFoldCenterLeft2.h">
      <Filter>User\ヘッダーファイル\Stage\Fold</Filter>
    </ClInclude>
    <ClInclude Include="Users\Stage\Fold\SurfaceFoldCenterRight2.h">
      <Filter>User\ヘッダーファイル\Stage\Fold</Filter>
    </ClInclude>
    <ClInclude Include="Users\Stage\Fold\SurfaceFoldLeft2.h">
      <Filter>User\ヘッダーファイル\Stage\Fold</Filter>
    </ClInclude>
    <ClInclude Include="Users\Stage\Fold\SurfaceFoldRight2.h">
      <Filter>User\ヘッダーファイル\Stage\Fold</Filter>
    </ClInclude>
    <ClInclude Include="Users\Stage\Fold\SurfaceFoldTop2.h">
      <Filter>User\ヘッダーファイル\Stage\Fold</Filter>
    </ClInclude>
    <ClInclude Include="Users\Stage\Fold\VerticalFold.h">
      <Filter>User\ヘッダーファイル\Stage\Fold</Filter>
    </ClInclude>
    <ClInclude Include="Users\Stage\Fold\FieldConstant.h">
      <Filter>User\ヘッダーファイル\Stage</Filter>
    </ClInclude>
    <ClInclude Include="Users\Stage\Fold\BesideFold.h">
      <Filter>User\ヘッダーファイル\Stage\Fold</Filter>
    </ClInclude>
    <ClInclude Include="Users\Stage\Stage.h">
      <Filter>User\ヘッダーファイル\Stage</Filter>
    </ClInclude>
    <ClInclude Include="lib\Engine\Core\DirectX\ComputePipelineState.h">
      <Filter>Engine\ヘッダー ファイル\Core\DirectX</Filter>
    </ClInclude>
    <ClInclude Include="lib\Engine\Core\DirectX\DescriptorHeap.h">
      <Filter>Engine\ヘッダー ファイル\Core\DirectX</Filter>
    </ClInclude>
    <ClInclude Include="lib\Engine\Core\DirectX\DirectX12Core.h">
      <Filter>Engine\ヘッダー ファイル\Core\DirectX</Filter>
    </ClInclude>
    <ClInclude Include="lib\Engine\Core\Buffer\ConstantBuffer.h">
      <Filter>Engine\ヘッダー ファイル\Core\Buffer</Filter>
    </ClInclude>
    <ClInclude Include="lib\Engine\Core\Buffer\ComputeVertexBuffer.h">
      <Filter>Engine\ヘッダー ファイル\Core\Buffer</Filter>
    </ClInclude>
    <ClInclude Include="lib\Engine\Core\Buffer\RWStructuredBuffer.h">
      <Filter>Engine\ヘッダー ファイル\Core\Buffer</Filter>
    </ClInclude>
    <ClInclude Include="lib\Engine\Core\Buffer\VertexBuffer.h">
      <Filter>Engine\ヘッダー ファイル\Core\Buffer</Filter>
    </ClInclude>
    <ClInclude Include="lib\Engine\Core\Buffer\StructuredBuffer.h">
      <Filter>Engine\ヘッダー ファイル\Core\Buffer</Filter>
    </ClInclude>
    <ClInclude Include="lib\Engine\Core\DirectX\RootSignature.h">
      <Filter>Engine\ヘッダー ファイル\Core\DirectX</Filter>
    </ClInclude>
    <ClInclude Include="lib\Engine\Core\DirectX\PipelineState.h">
      <Filter>Engine\ヘッダー ファイル\Core\DirectX</Filter>
    </ClInclude>
    <ClInclude Include="lib\Engine\Core\Buffer\IndexBuffer.h">
      <Filter>Engine\ヘッダー ファイル\Core\Buffer</Filter>
    </ClInclude>
    <ClInclude Include="lib\Engine\Core\ErrorException.h">
      <Filter>Engine\ヘッダー ファイル\Core</Filter>
    </ClInclude>
    <ClInclude Include="lib\Engine\Scene\AbstractSceneFactory.h">
      <Filter>Engine\ヘッダー ファイル\Scene</Filter>
    </ClInclude>
    <ClInclude Include="lib\Engine\Scene\SceneManager.h">
      <Filter>Engine\ヘッダー ファイル\Scene</Filter>
    </ClInclude>
    <ClInclude Include="lib\Engine\Scene\BaseScene.h">
      <Filter>Engine\ヘッダー ファイル\Scene</Filter>
    </ClInclude>
    <ClInclude Include="lib\Engine\Core\Framework\AliceFramework.h">
      <Filter>Engine\ヘッダー ファイル\Core\Framework</Filter>
    </ClInclude>
    <ClInclude Include="Users\Player\Player.h">
      <Filter>User\ヘッダーファイル\Player</Filter>
    </ClInclude>
    <ClInclude Include="Goal.h">
      <Filter>User\ヘッダーファイル</Filter>
    </ClInclude>
    <ClInclude Include="ChangeCollider.h">
      <Filter>User\ヘッダーファイル</Filter>
    </ClInclude>
  </ItemGroup>
  <ItemGroup>
    <ResourceCompile Include="ALICE.rc">
      <Filter>Engine\リソース ファイル</Filter>
    </ResourceCompile>
  </ItemGroup>
  <ItemGroup>
    <Image Include="Icon1.ico">
      <Filter>Engine\リソース ファイル</Filter>
    </Image>
  </ItemGroup>
  <ItemGroup>
    <None Include="Resources\Shaders\2D\Sprite.hlsli">
      <Filter>Engine\リソース ファイル\シェーダー\2D</Filter>
    </None>
    <None Include="Resources\Shaders\2D\Mesh.hlsli">
      <Filter>Engine\リソース ファイル\シェーダー\2D</Filter>
    </None>
    <None Include="Resources\Shaders\2D\Particle.hlsli">
      <Filter>Engine\リソース ファイル\シェーダー\2D</Filter>
    </None>
    <None Include="Resources\Shaders\3D\Model\ModelBasic.hlsli">
      <Filter>Engine\リソース ファイル\シェーダー\3D\Model</Filter>
    </None>
    <None Include="Resources\Shaders\3D\Model\Phong.hlsli">
      <Filter>Engine\リソース ファイル\シェーダー\3D\Model</Filter>
    </None>
    <None Include="Resources\Shaders\3D\Model\Lambert.hlsli">
      <Filter>Engine\リソース ファイル\シェーダー\3D\Model</Filter>
    </None>
    <None Include="cpp.hint" />
    <None Include="Resources\Shaders\2D\RainParticle.hlsli">
      <Filter>Engine\リソース ファイル\シェーダー\2D</Filter>
    </None>
    <None Include="Resources\Shaders\3D\Model\ModelSimple.hlsli">
      <Filter>Engine\リソース ファイル\シェーダー\3D\Model</Filter>
    </None>
    <None Include="Resources\Shaders\2D\PostEffect\PostEffectTest.hlsli">
      <Filter>Engine\リソース ファイル\シェーダー\2D\PostEffect</Filter>
    </None>
  </ItemGroup>
  <ItemGroup>
    <FxCompile Include="Resources\Shaders\2D\SpritePS.hlsl">
      <Filter>Engine\リソース ファイル\シェーダー\2D</Filter>
    </FxCompile>
    <FxCompile Include="Resources\Shaders\2D\SpriteVS.hlsl">
      <Filter>Engine\リソース ファイル\シェーダー\2D</Filter>
    </FxCompile>
    <FxCompile Include="Resources\Shaders\2D\MeshPS.hlsl">
      <Filter>Engine\リソース ファイル\シェーダー\2D</Filter>
    </FxCompile>
    <FxCompile Include="Resources\Shaders\2D\MeshVS.hlsl">
      <Filter>Engine\リソース ファイル\シェーダー\2D</Filter>
    </FxCompile>
    <FxCompile Include="Resources\Shaders\2D\ParticleGS.hlsl">
      <Filter>Engine\リソース ファイル\シェーダー\2D</Filter>
    </FxCompile>
    <FxCompile Include="Resources\Shaders\2D\ParticlePS.hlsl">
      <Filter>Engine\リソース ファイル\シェーダー\2D</Filter>
    </FxCompile>
    <FxCompile Include="Resources\Shaders\2D\ParticleVS.hlsl">
      <Filter>Engine\リソース ファイル\シェーダー\2D</Filter>
    </FxCompile>
    <FxCompile Include="Resources\Shaders\3D\Model\LambertVS.hlsl">
      <Filter>Engine\リソース ファイル\シェーダー\3D\Model</Filter>
    </FxCompile>
    <FxCompile Include="Resources\Shaders\3D\Model\ModelBasicPS.hlsl">
      <Filter>Engine\リソース ファイル\シェーダー\3D\Model</Filter>
    </FxCompile>
    <FxCompile Include="Resources\Shaders\3D\Model\ModelBasicVS.hlsl">
      <Filter>Engine\リソース ファイル\シェーダー\3D\Model</Filter>
    </FxCompile>
    <FxCompile Include="Resources\Shaders\3D\Model\PhongPS.hlsl">
      <Filter>Engine\リソース ファイル\シェーダー\3D\Model</Filter>
    </FxCompile>
    <FxCompile Include="Resources\Shaders\3D\Model\PhongVS.hlsl">
      <Filter>Engine\リソース ファイル\シェーダー\3D\Model</Filter>
    </FxCompile>
    <FxCompile Include="Resources\Shaders\3D\Model\LambertPS.hlsl">
      <Filter>Engine\リソース ファイル\シェーダー\3D\Model</Filter>
    </FxCompile>
    <FxCompile Include="Resources\Shaders\3D\Model\GpuSkinningCS.hlsl">
      <Filter>Engine\リソース ファイル\シェーダー\3D\Model</Filter>
    </FxCompile>
    <FxCompile Include="Resources\Shaders\2D\RainParticleGS.hlsl">
      <Filter>Engine\リソース ファイル\シェーダー\2D</Filter>
    </FxCompile>
    <FxCompile Include="Resources\Shaders\2D\RainParticlePS.hlsl">
      <Filter>Engine\リソース ファイル\シェーダー\2D</Filter>
    </FxCompile>
    <FxCompile Include="Resources\Shaders\2D\RainParticleVS.hlsl">
      <Filter>Engine\リソース ファイル\シェーダー\2D</Filter>
    </FxCompile>
    <FxCompile Include="Resources\Shaders\3D\Model\PolygonEffectGS.hlsl">
      <Filter>Engine\リソース ファイル\シェーダー\3D\Model</Filter>
    </FxCompile>
    <FxCompile Include="Resources\Shaders\3D\Model\ModelSimpleVS.hlsl">
      <Filter>Engine\リソース ファイル\シェーダー\3D\Model</Filter>
    </FxCompile>
    <FxCompile Include="Resources\Shaders\3D\Model\BlendShapeCS.hlsl">
      <Filter>Engine\リソース ファイル\シェーダー\3D\Model</Filter>
    </FxCompile>
    <FxCompile Include="Resources\Shaders\3D\Model\ModelSimplePS.hlsl">
      <Filter>Engine\リソース ファイル\シェーダー\3D\Model</Filter>
    </FxCompile>
    <FxCompile Include="Resources\Shaders\2D\PostEffect\LutShaderCS.hlsl">
      <Filter>Engine\リソース ファイル\シェーダー\2D\PostEffect</Filter>
    </FxCompile>
    <FxCompile Include="Resources\Shaders\2D\PostEffect\PostEffectTestVS.hlsl">
      <Filter>Engine\リソース ファイル\シェーダー\2D\PostEffect</Filter>
    </FxCompile>
    <FxCompile Include="Resources\Shaders\2D\PostEffect\PostEffectTestPS.hlsl">
      <Filter>Engine\リソース ファイル\シェーダー\2D\PostEffect</Filter>
    </FxCompile>
    <FxCompile Include="Resources\Shaders\2D\PostEffect\VignetteShaderCS.hlsl">
      <Filter>Engine\リソース ファイル\シェーダー\2D\PostEffect</Filter>
    </FxCompile>
  </ItemGroup>
  <ItemGroup>
    <ClCompile Include="lib\Engine\Core\WindowsApp.cpp">
      <Filter>Engine\ソース ファイル\Core</Filter>
    </ClCompile>
    <ClCompile Include="lib\Engine\Core\TextureManager.cpp">
      <Filter>Engine\ソース ファイル\Core</Filter>
    </ClCompile>
    <ClCompile Include="lib\Engine\Core\FPS.cpp">
      <Filter>Engine\ソース ファイル\Core</Filter>
    </ClCompile>
    <ClCompile Include="lib\Engine\Math\float\Vector.cpp">
      <Filter>Engine\ソース ファイル\Math\float</Filter>
    </ClCompile>
    <ClCompile Include="lib\Engine\Math\float\Vector2.cpp">
      <Filter>Engine\ソース ファイル\Math\float</Filter>
    </ClCompile>
    <ClCompile Include="lib\Engine\Math\float\Vector3.cpp">
      <Filter>Engine\ソース ファイル\Math\float</Filter>
    </ClCompile>
    <ClCompile Include="lib\Engine\Math\float\Vector4.cpp">
      <Filter>Engine\ソース ファイル\Math\float</Filter>
    </ClCompile>
    <ClCompile Include="lib\Engine\Math\float\Quaternion.cpp">
      <Filter>Engine\ソース ファイル\Math\float</Filter>
    </ClCompile>
    <ClCompile Include="lib\Engine\Math\float\AliceMathF.cpp">
      <Filter>Engine\ソース ファイル\Math\float</Filter>
    </ClCompile>
    <ClCompile Include="lib\Engine\Math\float\Matrix4.cpp">
      <Filter>Engine\ソース ファイル\Math\float</Filter>
    </ClCompile>
    <ClCompile Include="lib\Engine\Math\double\AliceMath.cpp">
      <Filter>Engine\ソース ファイル\Math\double</Filter>
    </ClCompile>
    <ClCompile Include="lib\Engine\Math\AliceMathUtility.cpp">
      <Filter>Engine\ソース ファイル\Math</Filter>
    </ClCompile>
    <ClCompile Include="lib\Engine\Core\DefaultMaterial.cpp">
      <Filter>Engine\ソース ファイル\Core</Filter>
    </ClCompile>
    <ClCompile Include="lib\Engine\Core\Material.cpp">
      <Filter>Engine\ソース ファイル\Core</Filter>
    </ClCompile>
    <ClCompile Include="lib\Engine\2D\Sprite\Sprite3D.cpp">
      <Filter>Engine\ソース ファイル\2D\Sprite</Filter>
    </ClCompile>
    <ClCompile Include="lib\Engine\2D\Sprite\Sprite2D.cpp">
      <Filter>Engine\ソース ファイル\2D\Sprite</Filter>
    </ClCompile>
    <ClCompile Include="lib\Engine\2D\Sprite\Sprite.cpp">
      <Filter>Engine\ソース ファイル\2D\Sprite</Filter>
    </ClCompile>
    <ClCompile Include="lib\Engine\Camera\Camera.cpp">
      <Filter>Engine\ソース ファイル\Camera</Filter>
    </ClCompile>
    <ClCompile Include="lib\Engine\3D\Transform.cpp">
      <Filter>Engine\ソース ファイル\3D</Filter>
    </ClCompile>
    <ClCompile Include="lib\Engine\Input\Mouse.cpp">
      <Filter>Engine\ソース ファイル\Input</Filter>
    </ClCompile>
    <ClCompile Include="lib\Engine\Input\Controller.cpp">
      <Filter>Engine\ソース ファイル\Input</Filter>
    </ClCompile>
    <ClCompile Include="lib\Engine\Input\Input.cpp">
      <Filter>Engine\ソース ファイル\Input</Filter>
    </ClCompile>
    <ClCompile Include="lib\Engine\Input\Keyboard.cpp">
      <Filter>Engine\ソース ファイル\Input</Filter>
    </ClCompile>
    <ClCompile Include="lib\Engine\Light\Light.cpp">
      <Filter>Engine\ソース ファイル\Light</Filter>
    </ClCompile>
    <ClCompile Include="lib\Engine\Collision\CollisionPrimitive.cpp">
      <Filter>Engine\ソース ファイル\Collision</Filter>
    </ClCompile>
    <ClCompile Include="lib\Engine\Collision\Collision.cpp">
      <Filter>Engine\ソース ファイル\Collision</Filter>
    </ClCompile>
    <ClCompile Include="lib\Engine\Audio\AudioManager.cpp">
      <Filter>Engine\ソース ファイル\Audio</Filter>
    </ClCompile>
    <ClCompile Include="lib\Engine\2D\Particle\BasicParticle.cpp">
      <Filter>Engine\ソース ファイル\2D\Particle</Filter>
    </ClCompile>
    <ClCompile Include="lib\Engine\2D\Mesh.cpp">
      <Filter>Engine\ソース ファイル\2D</Filter>
    </ClCompile>
    <ClCompile Include="lib\Engine\3D\Model\objModel.cpp">
      <Filter>Engine\ソース ファイル\3D\Model</Filter>
    </ClCompile>
    <ClCompile Include="lib\Engine\3D\Model\PrimitiveModel.cpp">
      <Filter>Engine\ソース ファイル\3D\Model</Filter>
    </ClCompile>
    <ClCompile Include="lib\Engine\3D\Model\FbxLoader.cpp">
      <Filter>Engine\ソース ファイル\3D\Model</Filter>
    </ClCompile>
    <ClCompile Include="lib\Engine\3D\Model\Model.cpp">
      <Filter>Engine\ソース ファイル\3D\Model</Filter>
    </ClCompile>
    <ClCompile Include="lib\Engine\3D\Model\fbxAnimation.cpp">
      <Filter>Engine\ソース ファイル\3D\Model</Filter>
    </ClCompile>
    <ClCompile Include="lib\Engine\3D\Model\fbxModel.cpp">
      <Filter>Engine\ソース ファイル\3D\Model</Filter>
    </ClCompile>
    <ClCompile Include="lib\Engine\3D\Model\ModelMesh.cpp">
      <Filter>Engine\ソース ファイル\3D\Model</Filter>
    </ClCompile>
    <ClCompile Include="lib\Engine\3D\3DMesh.cpp">
      <Filter>Engine\ソース ファイル\3D</Filter>
    </ClCompile>
    <ClCompile Include="lib\Engine\2D\Cursor.cpp">
      <Filter>Engine\ソース ファイル\2D</Filter>
    </ClCompile>
    <ClCompile Include="lib\Engine\2D\Button.cpp">
      <Filter>Engine\ソース ファイル\2D</Filter>
    </ClCompile>
    <ClCompile Include="main.cpp" />
    <ClCompile Include="lib\Engine\2D\Particle\Particle.cpp">
      <Filter>Engine\ソース ファイル\2D\Particle</Filter>
    </ClCompile>
    <ClCompile Include="lib\Engine\2D\Particle\RainParticle.cpp">
      <Filter>Engine\ソース ファイル\2D\Particle</Filter>
    </ClCompile>
    <ClCompile Include="lib\Engine\2D\Particle\ParticleEmitter.cpp">
      <Filter>Engine\ソース ファイル\2D\Particle</Filter>
    </ClCompile>
    <ClCompile Include="lib\Engine\Util\AliceUtility.cpp">
      <Filter>Engine\ソース ファイル\Util</Filter>
    </ClCompile>
    <ClCompile Include="Users\Camera\UserCamera.cpp">
      <Filter>User\ソースファイル</Filter>
    </ClCompile>
    <ClCompile Include="lib\Engine\Math\float\Matrix.cpp">
      <Filter>Engine\ソース ファイル\Math\float</Filter>
    </ClCompile>
    <ClCompile Include="lib\Engine\Math\float\Matrix3.cpp">
      <Filter>Engine\ソース ファイル\Math\float</Filter>
    </ClCompile>
    <ClCompile Include="lib\Engine\2D\PostEffect\PostEffectManager.cpp">
      <Filter>Engine\ソース ファイル\2D\PostEffect</Filter>
    </ClCompile>
    <ClCompile Include="lib\Engine\Camera\CinemaCamera.cpp">
      <Filter>Engine\ソース ファイル\Camera</Filter>
    </ClCompile>
    <ClCompile Include="lib\Engine\Collision\SphereCollider.cpp">
      <Filter>Engine\ソース ファイル\Collision</Filter>
    </ClCompile>
    <ClCompile Include="lib\Engine\Collision\MeshCollider.cpp">
      <Filter>Engine\ソース ファイル\Collision</Filter>
    </ClCompile>
    <ClCompile Include="lib\Engine\Collision\CollisionManager.cpp">
      <Filter>Engine\ソース ファイル\Collision</Filter>
    </ClCompile>
    <ClCompile Include="lib\Engine\Collision\TouchableObject.cpp">
      <Filter>Engine\ソース ファイル\Collision</Filter>
    </ClCompile>
    <ClCompile Include="Users\Scene\GameScene.cpp">
      <Filter>User\ソースファイル\Scene</Filter>
    </ClCompile>
    <ClCompile Include="Users\Scene\SceneFactrory.cpp">
      <Filter>User\ソースファイル\Scene</Filter>
    </ClCompile>
    <ClCompile Include="Users\Scene\TitleScene.cpp">
      <Filter>User\ソースファイル\Scene</Filter>
    </ClCompile>
    <ClCompile Include="lib\Engine\Core\ImGuiManager.cpp">
      <Filter>Engine\ソース ファイル\Core</Filter>
    </ClCompile>
    <ClCompile Include="Users\GameMain.cpp">
      <Filter>User\ソースファイル</Filter>
    </ClCompile>
    <ClCompile Include="Users\Stage\Ground.cpp">
      <Filter>User\ソースファイル</Filter>
    </ClCompile>
    <ClCompile Include="Users\Stage\Fold\BesideFold.cpp">
      <Filter>User\ソースファイル\Stage\Fold</Filter>
    </ClCompile>
    <ClCompile Include="Users\Stage\Fold\SurfaceFold.cpp">
      <Filter>User\ソースファイル\Stage\Fold</Filter>
    </ClCompile>
    <ClCompile Include="Users\Stage\Fold\SurfaceFoldBottom2.cpp">
      <Filter>User\ソースファイル\Stage\Fold</Filter>
    </ClCompile>
    <ClCompile Include="Users\Stage\Fold\SurfaceFoldRight2.cpp">
      <Filter>User\ソースファイル\Stage\Fold</Filter>
    </ClCompile>
    <ClCompile Include="Users\Stage\Fold\SurfaceFoldTop2.cpp">
      <Filter>User\ソースファイル\Stage\Fold</Filter>
    </ClCompile>
    <ClCompile Include="Users\Stage\Fold\SurfaceFoldLeft2.cpp">
      <Filter>User\ソースファイル\Stage\Fold</Filter>
    </ClCompile>
    <ClCompile Include="Users\Stage\Fold\SurfaceFoldCenterLeft2.cpp">
      <Filter>User\ソースファイル\Stage\Fold</Filter>
    </ClCompile>
    <ClCompile Include="Users\Stage\Fold\SurfaceFoldCenterRight2.cpp">
      <Filter>User\ソースファイル\Stage\Fold</Filter>
    </ClCompile>
    <ClCompile Include="Users\Stage\Fold\VerticalFold.cpp">
      <Filter>User\ソースファイル\Stage\Fold</Filter>
    </ClCompile>
    <ClCompile Include="Users\Stage\Stage.cpp">
      <Filter>User\ソースファイル\Stage</Filter>
    </ClCompile>
    <ClCompile Include="lib\Engine\Core\DirectX\ComputePipelineState.cpp">
      <Filter>Engine\ソース ファイル\Core\DirectX</Filter>
    </ClCompile>
    <ClCompile Include="lib\Engine\Core\DirectX\DescriptorHeap.cpp">
      <Filter>Engine\ソース ファイル\Core\DirectX</Filter>
    </ClCompile>
    <ClCompile Include="lib\Engine\Core\DirectX\DirectX12Core.cpp">
      <Filter>Engine\ソース ファイル\Core\DirectX</Filter>
    </ClCompile>
    <ClCompile Include="lib\Engine\Core\DirectX\PipelineState.cpp">
      <Filter>Engine\ソース ファイル\Core\DirectX</Filter>
    </ClCompile>
    <ClCompile Include="lib\Engine\Core\DirectX\RootSignature.cpp">
      <Filter>Engine\ソース ファイル\Core\DirectX</Filter>
    </ClCompile>
    <ClCompile Include="lib\Engine\Core\Buffer\IndexBuffer.cpp">
      <Filter>Engine\ソース ファイル\Core\Buffer</Filter>
    </ClCompile>
    <ClCompile Include="lib\Engine\Core\Buffer\ComputeVertexBuffer.cpp">
      <Filter>Engine\ソース ファイル\Core\Buffer</Filter>
    </ClCompile>
    <ClCompile Include="lib\Engine\Core\Buffer\ConstantBuffer.cpp">
      <Filter>Engine\ソース ファイル\Core\Buffer</Filter>
    </ClCompile>
    <ClCompile Include="lib\Engine\Core\Buffer\RWStructuredBuffer.cpp">
      <Filter>Engine\ソース ファイル\Core\Buffer</Filter>
    </ClCompile>
    <ClCompile Include="lib\Engine\Core\Buffer\StructuredBuffer.cpp">
      <Filter>Engine\ソース ファイル\Core\Buffer</Filter>
    </ClCompile>
    <ClCompile Include="lib\Engine\Core\Buffer\VertexBuffer.cpp">
      <Filter>Engine\ソース ファイル\Core\Buffer</Filter>
    </ClCompile>
    <ClCompile Include="lib\Engine\Core\DirectX\Shader.cpp">
      <Filter>Engine\ソース ファイル\Core\DirectX</Filter>
    </ClCompile>
    <ClCompile Include="lib\Engine\Core\Framework\AliceFramework.cpp">
      <Filter>Engine\ソース ファイル\Core\Framework</Filter>
    </ClCompile>
    <ClCompile Include="lib\Engine\Util\AliceFunctionUtility.cpp">
      <Filter>Engine\ソース ファイル\Util</Filter>
    </ClCompile>
    <ClCompile Include="lib\Engine\2D\PostEffect\VignettePostEffect.cpp">
      <Filter>Engine\ソース ファイル\2D\PostEffect</Filter>
    </ClCompile>
    <ClCompile Include="Users\PostEffectFactory.cpp">
      <Filter>Engine\ソース ファイル\2D\PostEffect</Filter>
    </ClCompile>
    <ClCompile Include="lib\Engine\2D\PostEffect\LutPostEffect.cpp">
      <Filter>Engine\ソース ファイル\2D\PostEffect</Filter>
    </ClCompile>
    <ClCompile Include="lib\Engine\2D\PostEffect\BasePostEffect.cpp">
      <Filter>Engine\ソース ファイル\2D\PostEffect</Filter>
    </ClCompile>
    <ClCompile Include="lib\Engine\2D\PostEffect\AbstractPostEffectFactory.cpp">
      <Filter>Engine\ソース ファイル\2D\PostEffect</Filter>
    </ClCompile>
    <ClCompile Include="lib\Engine\Scene\SceneManager.cpp">
      <Filter>Engine\ソース ファイル\Scene</Filter>
    </ClCompile>
    <ClCompile Include="lib\Engine\Scene\AbstractSceneFactory.cpp">
      <Filter>Engine\ソース ファイル\Scene</Filter>
    </ClCompile>
    <ClCompile Include="lib\Engine\Scene\BaseScene.cpp">
      <Filter>Engine\ソース ファイル\Scene</Filter>
    </ClCompile>
    <ClCompile Include="Users\Player\Player.cpp">
      <Filter>User\ソースファイル\Player</Filter>
    </ClCompile>
    <ClCompile Include="Users\Stage\Fold\FieldConstant.cpp">
      <Filter>User\ソースファイル\Stage</Filter>
    </ClCompile>
    <ClCompile Include="lib\Engine\Collision\CollisionInfo.cpp">
      <Filter>Engine\ソース ファイル\Collision</Filter>
    </ClCompile>
    <ClCompile Include="lib\Engine\Collision\BaseCollider.cpp">
      <Filter>Engine\ソース ファイル\Collision</Filter>
    </ClCompile>
    <ClCompile Include="Goal.cpp">
      <Filter>User\ソースファイル</Filter>
    </ClCompile>
    <ClCompile Include="ChangeCollider.cpp">
      <Filter>User\ソースファイル</Filter>
    </ClCompile>
  </ItemGroup>
</Project>